// !$*UTF8*$!
{
	archiveVersion = 1;
	classes = {
	};
	objectVersion = 56;
	objects = {

/* Begin PBXBuildFile section */
		4319C83C2C90B777007CC742 /* LandmarksApp.swift in Sources */ = {isa = PBXBuildFile; fileRef = 4319C83B2C90B777007CC742 /* LandmarksApp.swift */; };
		4319C8432C90B778007CC742 /* Preview Assets.xcassets in Resources */ = {isa = PBXBuildFile; fileRef = 4319C8422C90B778007CC742 /* Preview Assets.xcassets */; };
		4319C84C2C90B7AE007CC742 /* ContentView.swift in Sources */ = {isa = PBXBuildFile; fileRef = 4319C83D2C90B777007CC742 /* ContentView.swift */; };
		4319C8512C90B92E007CC742 /* CircleImage.swift in Sources */ = {isa = PBXBuildFile; fileRef = 4319C8502C90B92E007CC742 /* CircleImage.swift */; };
		4319C8532C90B9A7007CC742 /* MapView.swift in Sources */ = {isa = PBXBuildFile; fileRef = 4319C8522C90B9A7007CC742 /* MapView.swift */; };
		4319C8552C90BD5D007CC742 /* Landmark.swift in Sources */ = {isa = PBXBuildFile; fileRef = 4319C8542C90BD5D007CC742 /* Landmark.swift */; };
		4319C8592C9188F8007CC742 /* ModelData.swift in Sources */ = {isa = PBXBuildFile; fileRef = 4319C8582C9188F8007CC742 /* ModelData.swift */; };
		4319C85C2C91C076007CC742 /* LandmarkRow.swift in Sources */ = {isa = PBXBuildFile; fileRef = 4319C85B2C91C076007CC742 /* LandmarkRow.swift */; };
		4319C85E2C91CEBE007CC742 /* LandmarkList.swift in Sources */ = {isa = PBXBuildFile; fileRef = 4319C85D2C91CEBE007CC742 /* LandmarkList.swift */; };
		4319C8602C9228AC007CC742 /* LandmarkDetail.swift in Sources */ = {isa = PBXBuildFile; fileRef = 4319C85F2C9228AC007CC742 /* LandmarkDetail.swift */; };
		4319C8612C92EB5C007CC742 /* Assets.xcassets in Resources */ = {isa = PBXBuildFile; fileRef = 4319C83F2C90B778007CC742 /* Assets.xcassets */; };
		4319C8672C92F408007CC742 /* landmarkData.json in Resources */ = {isa = PBXBuildFile; fileRef = 4319C8662C92F408007CC742 /* landmarkData.json */; };
		4319C8692C930B63007CC742 /* FavouriteButton.swift in Sources */ = {isa = PBXBuildFile; fileRef = 4319C8682C930B63007CC742 /* FavouriteButton.swift */; };
		4319C86E2C9344FE007CC742 /* HexagonParameters.swift in Sources */ = {isa = PBXBuildFile; fileRef = 4319C86D2C9344FE007CC742 /* HexagonParameters.swift */; };
		43847AC62CAC13CE000BF7B1 /* CategoryRow.swift in Sources */ = {isa = PBXBuildFile; fileRef = 43847AC52CAC13CB000BF7B1 /* CategoryRow.swift */; };
		43A172A02CA6883700E62902 /* hikeData.json in Resources */ = {isa = PBXBuildFile; fileRef = 43A1729F2CA6883700E62902 /* hikeData.json */; };
		43A172A22CA6886A00E62902 /* Hike.swift in Sources */ = {isa = PBXBuildFile; fileRef = 43A172A12CA6886100E62902 /* Hike.swift */; };
		43A172AA2CA68DD700E62902 /* HikeView.swift in Sources */ = {isa = PBXBuildFile; fileRef = 43A172A82CA68DD700E62902 /* HikeView.swift */; };
		43A172AB2CA68DD700E62902 /* HikeGraph.swift in Sources */ = {isa = PBXBuildFile; fileRef = 43A172A72CA68DD700E62902 /* HikeGraph.swift */; };
		43A172AC2CA68DD700E62902 /* HikeDetail.swift in Sources */ = {isa = PBXBuildFile; fileRef = 43A172A62CA68DD700E62902 /* HikeDetail.swift */; };
		43A172AD2CA68DD700E62902 /* GraphCapsule.swift in Sources */ = {isa = PBXBuildFile; fileRef = 43A172A52CA68DD700E62902 /* GraphCapsule.swift */; };
		43A172B02CA8502B00E62902 /* CategoryHome.swift in Sources */ = {isa = PBXBuildFile; fileRef = 43A172AF2CA8502100E62902 /* CategoryHome.swift */; };
		43E0B5A32CB043FC00E92538 /* CategoryItem.swift in Sources */ = {isa = PBXBuildFile; fileRef = 43E0B5A22CB043EB00E92538 /* CategoryItem.swift */; };
		43E0B5A52CB1A48600E92538 /* Profile.swift in Sources */ = {isa = PBXBuildFile; fileRef = 43E0B5A42CB1A48100E92538 /* Profile.swift */; };
		43E0B5A82CB1AE5E00E92538 /* ProfileHost.swift in Sources */ = {isa = PBXBuildFile; fileRef = 43E0B5A72CB1AE5900E92538 /* ProfileHost.swift */; };
		43E0B5AA2CB27F9800E92538 /* ProfileSummary.swift in Sources */ = {isa = PBXBuildFile; fileRef = 43E0B5A92CB27F9100E92538 /* ProfileSummary.swift */; };
		43E0B5AC2CB2883100E92538 /* HikeBadge.swift in Sources */ = {isa = PBXBuildFile; fileRef = 43E0B5AB2CB2882C00E92538 /* HikeBadge.swift */; };
		43E2230E2C99E12F00939097 /* Badge.swift in Sources */ = {isa = PBXBuildFile; fileRef = 43E2230A2C99E12F00939097 /* Badge.swift */; };
		43E2230F2C99E12F00939097 /* BadgeBackground.swift in Sources */ = {isa = PBXBuildFile; fileRef = 43E2230B2C99E12F00939097 /* BadgeBackground.swift */; };
		43E223102C99E12F00939097 /* BadgeSymbol.swift in Sources */ = {isa = PBXBuildFile; fileRef = 43E2230C2C99E12F00939097 /* BadgeSymbol.swift */; };
		43E223112C99E12F00939097 /* RotatedBadgeSymbol.swift in Sources */ = {isa = PBXBuildFile; fileRef = 43E2230D2C99E12F00939097 /* RotatedBadgeSymbol.swift */; };
/* End PBXBuildFile section */

/* Begin PBXBuildRule section */
		4319392A2CCBF7BD008F8547 /* PBXBuildRule */ = {
			isa = PBXBuildRule;
			compilerSpec = com.apple.compilers.proxy.script;
			fileType = pattern.proxy;
			inputFiles = (
			);
			isEditable = 1;
			outputFiles = (
			);
			script = "# Type a script or drag a script file from your workspace to insert its path.\n";
		};
/* End PBXBuildRule section */

/* Begin PBXFileReference section */
		4319C8382C90B777007CC742 /* Landmarks.app */ = {isa = PBXFileReference; explicitFileType = wrapper.application; includeInIndex = 0; path = Landmarks.app; sourceTree = BUILT_PRODUCTS_DIR; };
		4319C83B2C90B777007CC742 /* LandmarksApp.swift */ = {isa = PBXFileReference; lastKnownFileType = sourcecode.swift; path = LandmarksApp.swift; sourceTree = "<group>"; };
		4319C83D2C90B777007CC742 /* ContentView.swift */ = {isa = PBXFileReference; lastKnownFileType = sourcecode.swift; path = ContentView.swift; sourceTree = "<group>"; };
		4319C83F2C90B778007CC742 /* Assets.xcassets */ = {isa = PBXFileReference; lastKnownFileType = folder.assetcatalog; path = Assets.xcassets; sourceTree = "<group>"; };
		4319C8422C90B778007CC742 /* Preview Assets.xcassets */ = {isa = PBXFileReference; lastKnownFileType = folder.assetcatalog; path = "Preview Assets.xcassets"; sourceTree = "<group>"; };
		4319C8502C90B92E007CC742 /* CircleImage.swift */ = {isa = PBXFileReference; lastKnownFileType = sourcecode.swift; path = CircleImage.swift; sourceTree = "<group>"; };
		4319C8522C90B9A7007CC742 /* MapView.swift */ = {isa = PBXFileReference; lastKnownFileType = sourcecode.swift; path = MapView.swift; sourceTree = "<group>"; };
		4319C8542C90BD5D007CC742 /* Landmark.swift */ = {isa = PBXFileReference; lastKnownFileType = sourcecode.swift; path = Landmark.swift; sourceTree = "<group>"; };
		4319C8582C9188F8007CC742 /* ModelData.swift */ = {isa = PBXFileReference; lastKnownFileType = sourcecode.swift; path = ModelData.swift; sourceTree = "<group>"; };
		4319C85B2C91C076007CC742 /* LandmarkRow.swift */ = {isa = PBXFileReference; lastKnownFileType = sourcecode.swift; path = LandmarkRow.swift; sourceTree = "<group>"; };
		4319C85D2C91CEBE007CC742 /* LandmarkList.swift */ = {isa = PBXFileReference; lastKnownFileType = sourcecode.swift; path = LandmarkList.swift; sourceTree = "<group>"; };
		4319C85F2C9228AC007CC742 /* LandmarkDetail.swift */ = {isa = PBXFileReference; lastKnownFileType = sourcecode.swift; path = LandmarkDetail.swift; sourceTree = "<group>"; };
		4319C8662C92F408007CC742 /* landmarkData.json */ = {isa = PBXFileReference; fileEncoding = 4; lastKnownFileType = text.json; path = landmarkData.json; sourceTree = "<group>"; };
		4319C8682C930B63007CC742 /* FavouriteButton.swift */ = {isa = PBXFileReference; lastKnownFileType = sourcecode.swift; path = FavouriteButton.swift; sourceTree = "<group>"; };
		4319C86D2C9344FE007CC742 /* HexagonParameters.swift */ = {isa = PBXFileReference; lastKnownFileType = sourcecode.swift; path = HexagonParameters.swift; sourceTree = "<group>"; };
		43847AC52CAC13CB000BF7B1 /* CategoryRow.swift */ = {isa = PBXFileReference; lastKnownFileType = sourcecode.swift; path = CategoryRow.swift; sourceTree = "<group>"; };
		43A1729F2CA6883700E62902 /* hikeData.json */ = {isa = PBXFileReference; lastKnownFileType = text.json; path = hikeData.json; sourceTree = "<group>"; };
		43A172A12CA6886100E62902 /* Hike.swift */ = {isa = PBXFileReference; lastKnownFileType = sourcecode.swift; path = Hike.swift; sourceTree = "<group>"; };
		43A172A52CA68DD700E62902 /* GraphCapsule.swift */ = {isa = PBXFileReference; lastKnownFileType = sourcecode.swift; path = GraphCapsule.swift; sourceTree = "<group>"; };
		43A172A62CA68DD700E62902 /* HikeDetail.swift */ = {isa = PBXFileReference; lastKnownFileType = sourcecode.swift; path = HikeDetail.swift; sourceTree = "<group>"; };
		43A172A72CA68DD700E62902 /* HikeGraph.swift */ = {isa = PBXFileReference; lastKnownFileType = sourcecode.swift; path = HikeGraph.swift; sourceTree = "<group>"; };
		43A172A82CA68DD700E62902 /* HikeView.swift */ = {isa = PBXFileReference; lastKnownFileType = sourcecode.swift; path = HikeView.swift; sourceTree = "<group>"; };
		43A172AF2CA8502100E62902 /* CategoryHome.swift */ = {isa = PBXFileReference; lastKnownFileType = sourcecode.swift; path = CategoryHome.swift; sourceTree = "<group>"; };
		43E0B5A22CB043EB00E92538 /* CategoryItem.swift */ = {isa = PBXFileReference; lastKnownFileType = sourcecode.swift; path = CategoryItem.swift; sourceTree = "<group>"; };
		43E0B5A42CB1A48100E92538 /* Profile.swift */ = {isa = PBXFileReference; lastKnownFileType = sourcecode.swift; path = Profile.swift; sourceTree = "<group>"; };
		43E0B5A72CB1AE5900E92538 /* ProfileHost.swift */ = {isa = PBXFileReference; lastKnownFileType = sourcecode.swift; path = ProfileHost.swift; sourceTree = "<group>"; };
		43E0B5A92CB27F9100E92538 /* ProfileSummary.swift */ = {isa = PBXFileReference; lastKnownFileType = sourcecode.swift; path = ProfileSummary.swift; sourceTree = "<group>"; };
		43E0B5AB2CB2882C00E92538 /* HikeBadge.swift */ = {isa = PBXFileReference; lastKnownFileType = sourcecode.swift; path = HikeBadge.swift; sourceTree = "<group>"; };
		43E2230A2C99E12F00939097 /* Badge.swift */ = {isa = PBXFileReference; lastKnownFileType = sourcecode.swift; path = Badge.swift; sourceTree = "<group>"; };
		43E2230B2C99E12F00939097 /* BadgeBackground.swift */ = {isa = PBXFileReference; lastKnownFileType = sourcecode.swift; path = BadgeBackground.swift; sourceTree = "<group>"; };
		43E2230C2C99E12F00939097 /* BadgeSymbol.swift */ = {isa = PBXFileReference; lastKnownFileType = sourcecode.swift; path = BadgeSymbol.swift; sourceTree = "<group>"; };
		43E2230D2C99E12F00939097 /* RotatedBadgeSymbol.swift */ = {isa = PBXFileReference; lastKnownFileType = sourcecode.swift; path = RotatedBadgeSymbol.swift; sourceTree = "<group>"; };
/* End PBXFileReference section */

/* Begin PBXFrameworksBuildPhase section */
		4319C8352C90B777007CC742 /* Frameworks */ = {
			isa = PBXFrameworksBuildPhase;
			buildActionMask = 2147483647;
			files = (
			);
			runOnlyForDeploymentPostprocessing = 0;
		};
/* End PBXFrameworksBuildPhase section */

/* Begin PBXGroup section */
		4319C82F2C90B777007CC742 = {
			isa = PBXGroup;
			children = (
				4319C83A2C90B777007CC742 /* Landmarks */,
				4319C8392C90B777007CC742 /* Products */,
			);
			sourceTree = "<group>";
		};
		4319C8392C90B777007CC742 /* Products */ = {
			isa = PBXGroup;
			children = (
				4319C8382C90B777007CC742 /* Landmarks.app */,
			);
			name = Products;
			sourceTree = "<group>";
		};
		4319C83A2C90B777007CC742 /* Landmarks */ = {
			isa = PBXGroup;
			children = (
				4319C83B2C90B777007CC742 /* LandmarksApp.swift */,
				4319C84D2C90B7D8007CC742 /* Views */,
				4319C84F2C90B7F2007CC742 /* Models */,
				4319C85A2C919F8C007CC742 /* Resources */,
				4319C83F2C90B778007CC742 /* Assets.xcassets */,
				4319C8412C90B778007CC742 /* Preview Content */,
			);
			path = Landmarks;
			sourceTree = "<group>";
		};
		4319C8412C90B778007CC742 /* Preview Content */ = {
			isa = PBXGroup;
			children = (
				4319C8422C90B778007CC742 /* Preview Assets.xcassets */,
			);
			path = "Preview Content";
			sourceTree = "<group>";
		};
		4319C84D2C90B7D8007CC742 /* Views */ = {
			isa = PBXGroup;
			children = (
				4319C83D2C90B777007CC742 /* ContentView.swift */,
				43E0B5A62CB1AE2E00E92538 /* Profiles */,
				43A172AE2CA8500E00E62902 /* Categories */,
				4319C86B2C93146E007CC742 /* Helpers */,
				4319C86C2C931486007CC742 /* Landmarks */,
				43E223122C99E1F300939097 /* Badges */,
				43A172A92CA68DD700E62902 /* Hikes */,
			);
			path = Views;
			sourceTree = "<group>";
		};
		4319C84F2C90B7F2007CC742 /* Models */ = {
			isa = PBXGroup;
			children = (
				43E0B5A42CB1A48100E92538 /* Profile.swift */,
				43A172A12CA6886100E62902 /* Hike.swift */,
				4319C8542C90BD5D007CC742 /* Landmark.swift */,
				4319C8582C9188F8007CC742 /* ModelData.swift */,
			);
			path = Models;
			sourceTree = "<group>";
		};
		4319C85A2C919F8C007CC742 /* Resources */ = {
			isa = PBXGroup;
			children = (
				4319C8662C92F408007CC742 /* landmarkData.json */,
				43A1729F2CA6883700E62902 /* hikeData.json */,
			);
			path = Resources;
			sourceTree = "<group>";
		};
		4319C86B2C93146E007CC742 /* Helpers */ = {
			isa = PBXGroup;
			children = (
				4319C8502C90B92E007CC742 /* CircleImage.swift */,
				4319C8522C90B9A7007CC742 /* MapView.swift */,
				4319C8682C930B63007CC742 /* FavouriteButton.swift */,
			);
			path = Helpers;
			sourceTree = "<group>";
		};
		4319C86C2C931486007CC742 /* Landmarks */ = {
			isa = PBXGroup;
			children = (
				4319C85B2C91C076007CC742 /* LandmarkRow.swift */,
				4319C85D2C91CEBE007CC742 /* LandmarkList.swift */,
				4319C85F2C9228AC007CC742 /* LandmarkDetail.swift */,
			);
			path = Landmarks;
			sourceTree = "<group>";
		};
		43A172A92CA68DD700E62902 /* Hikes */ = {
			isa = PBXGroup;
			children = (
				43E0B5AB2CB2882C00E92538 /* HikeBadge.swift */,
				43A172A52CA68DD700E62902 /* GraphCapsule.swift */,
				43A172A62CA68DD700E62902 /* HikeDetail.swift */,
				43A172A72CA68DD700E62902 /* HikeGraph.swift */,
				43A172A82CA68DD700E62902 /* HikeView.swift */,
			);
			path = Hikes;
			sourceTree = "<group>";
		};
		43A172AE2CA8500E00E62902 /* Categories */ = {
			isa = PBXGroup;
			children = (
				43E0B5A22CB043EB00E92538 /* CategoryItem.swift */,
				43847AC52CAC13CB000BF7B1 /* CategoryRow.swift */,
				43A172AF2CA8502100E62902 /* CategoryHome.swift */,
			);
			path = Categories;
			sourceTree = "<group>";
		};
		43E0B5A62CB1AE2E00E92538 /* Profiles */ = {
			isa = PBXGroup;
			children = (
				43E0B5A92CB27F9100E92538 /* ProfileSummary.swift */,
				43E0B5A72CB1AE5900E92538 /* ProfileHost.swift */,
			);
			path = Profiles;
			sourceTree = "<group>";
		};
		43E223122C99E1F300939097 /* Badges */ = {
			isa = PBXGroup;
			children = (
				4319C86D2C9344FE007CC742 /* HexagonParameters.swift */,
				43E2230A2C99E12F00939097 /* Badge.swift */,
				43E2230B2C99E12F00939097 /* BadgeBackground.swift */,
				43E2230C2C99E12F00939097 /* BadgeSymbol.swift */,
				43E2230D2C99E12F00939097 /* RotatedBadgeSymbol.swift */,
			);
			path = Badges;
			sourceTree = "<group>";
		};
/* End PBXGroup section */

/* Begin PBXNativeTarget section */
		4319C8372C90B777007CC742 /* Landmarks */ = {
			isa = PBXNativeTarget;
			buildConfigurationList = 4319C8462C90B778007CC742 /* Build configuration list for PBXNativeTarget "Landmarks" */;
			buildPhases = (
				4319C8342C90B777007CC742 /* Sources */,
				4319C8352C90B777007CC742 /* Frameworks */,
				4319C8362C90B777007CC742 /* Resources */,
			);
			buildRules = (
				4319392A2CCBF7BD008F8547 /* PBXBuildRule */,
			);
			dependencies = (
			);
			name = Landmarks;
			productName = Landmarks;
			productReference = 4319C8382C90B777007CC742 /* Landmarks.app */;
			productType = "com.apple.product-type.application";
		};
/* End PBXNativeTarget section */

/* Begin PBXProject section */
		4319C8302C90B777007CC742 /* Project object */ = {
			isa = PBXProject;
			attributes = {
				BuildIndependentTargetsInParallel = 1;
				LastSwiftUpdateCheck = 1540;
				LastUpgradeCheck = 1540;
				TargetAttributes = {
					4319C8372C90B777007CC742 = {
						CreatedOnToolsVersion = 15.4;
					};
				};
			};
			buildConfigurationList = 4319C8332C90B777007CC742 /* Build configuration list for PBXProject "Landmarks" */;
			compatibilityVersion = "Xcode 14.0";
			developmentRegion = en;
			hasScannedForEncodings = 0;
			knownRegions = (
				en,
				Base,
			);
			mainGroup = 4319C82F2C90B777007CC742;
			productRefGroup = 4319C8392C90B777007CC742 /* Products */;
			projectDirPath = "";
			projectRoot = "";
			targets = (
				4319C8372C90B777007CC742 /* Landmarks */,
			);
		};
/* End PBXProject section */

/* Begin PBXResourcesBuildPhase section */
		4319C8362C90B777007CC742 /* Resources */ = {
			isa = PBXResourcesBuildPhase;
			buildActionMask = 2147483647;
			files = (
				43A172A02CA6883700E62902 /* hikeData.json in Resources */,
				4319C8432C90B778007CC742 /* Preview Assets.xcassets in Resources */,
				4319C8612C92EB5C007CC742 /* Assets.xcassets in Resources */,
				4319C8672C92F408007CC742 /* landmarkData.json in Resources */,
			);
			runOnlyForDeploymentPostprocessing = 0;
		};
/* End PBXResourcesBuildPhase section */

/* Begin PBXSourcesBuildPhase section */
		4319C8342C90B777007CC742 /* Sources */ = {
			isa = PBXSourcesBuildPhase;
			buildActionMask = 2147483647;
			files = (
				43847AC62CAC13CE000BF7B1 /* CategoryRow.swift in Sources */,
				43E0B5A52CB1A48600E92538 /* Profile.swift in Sources */,
				4319C84C2C90B7AE007CC742 /* ContentView.swift in Sources */,
				43A172B02CA8502B00E62902 /* CategoryHome.swift in Sources */,
				4319C8532C90B9A7007CC742 /* MapView.swift in Sources */,
				4319C83C2C90B777007CC742 /* LandmarksApp.swift in Sources */,
				4319C85E2C91CEBE007CC742 /* LandmarkList.swift in Sources */,
				4319C86E2C9344FE007CC742 /* HexagonParameters.swift in Sources */,
				4319C8602C9228AC007CC742 /* LandmarkDetail.swift in Sources */,
				43A172A22CA6886A00E62902 /* Hike.swift in Sources */,
				43E0B5A32CB043FC00E92538 /* CategoryItem.swift in Sources */,
				4319C8692C930B63007CC742 /* FavouriteButton.swift in Sources */,
				43E0B5AA2CB27F9800E92538 /* ProfileSummary.swift in Sources */,
				4319C8512C90B92E007CC742 /* CircleImage.swift in Sources */,
				43E0B5A82CB1AE5E00E92538 /* ProfileHost.swift in Sources */,
				43E2230E2C99E12F00939097 /* Badge.swift in Sources */,
				43A172AA2CA68DD700E62902 /* HikeView.swift in Sources */,
				43A172AB2CA68DD700E62902 /* HikeGraph.swift in Sources */,
				43A172AC2CA68DD700E62902 /* HikeDetail.swift in Sources */,
				43A172AD2CA68DD700E62902 /* GraphCapsule.swift in Sources */,
				43E2230F2C99E12F00939097 /* BadgeBackground.swift in Sources */,
				43E223102C99E12F00939097 /* BadgeSymbol.swift in Sources */,
				43E0B5AC2CB2883100E92538 /* HikeBadge.swift in Sources */,
				43E223112C99E12F00939097 /* RotatedBadgeSymbol.swift in Sources */,
				4319C8552C90BD5D007CC742 /* Landmark.swift in Sources */,
				4319C85C2C91C076007CC742 /* LandmarkRow.swift in Sources */,
				4319C8592C9188F8007CC742 /* ModelData.swift in Sources */,
			);
			runOnlyForDeploymentPostprocessing = 0;
		};
/* End PBXSourcesBuildPhase section */

/* Begin XCBuildConfiguration section */
		4319C8442C90B778007CC742 /* Debug */ = {
			isa = XCBuildConfiguration;
			buildSettings = {
				ALWAYS_SEARCH_USER_PATHS = NO;
				ASSETCATALOG_COMPILER_GENERATE_SWIFT_ASSET_SYMBOL_EXTENSIONS = YES;
				CLANG_ANALYZER_NONNULL = YES;
				CLANG_ANALYZER_NUMBER_OBJECT_CONVERSION = YES_AGGRESSIVE;
				CLANG_CXX_LANGUAGE_STANDARD = "gnu++20";
				CLANG_ENABLE_MODULES = YES;
				CLANG_ENABLE_OBJC_ARC = YES;
				CLANG_ENABLE_OBJC_WEAK = YES;
				CLANG_WARN_BLOCK_CAPTURE_AUTORELEASING = YES;
				CLANG_WARN_BOOL_CONVERSION = YES;
				CLANG_WARN_COMMA = YES;
				CLANG_WARN_CONSTANT_CONVERSION = YES;
				CLANG_WARN_DEPRECATED_OBJC_IMPLEMENTATIONS = YES;
				CLANG_WARN_DIRECT_OBJC_ISA_USAGE = YES_ERROR;
				CLANG_WARN_DOCUMENTATION_COMMENTS = YES;
				CLANG_WARN_EMPTY_BODY = YES;
				CLANG_WARN_ENUM_CONVERSION = YES;
				CLANG_WARN_INFINITE_RECURSION = YES;
				CLANG_WARN_INT_CONVERSION = YES;
				CLANG_WARN_NON_LITERAL_NULL_CONVERSION = YES;
				CLANG_WARN_OBJC_IMPLICIT_RETAIN_SELF = YES;
				CLANG_WARN_OBJC_LITERAL_CONVERSION = YES;
				CLANG_WARN_OBJC_ROOT_CLASS = YES_ERROR;
				CLANG_WARN_QUOTED_INCLUDE_IN_FRAMEWORK_HEADER = YES;
				CLANG_WARN_RANGE_LOOP_ANALYSIS = YES;
				CLANG_WARN_STRICT_PROTOTYPES = YES;
				CLANG_WARN_SUSPICIOUS_MOVE = YES;
				CLANG_WARN_UNGUARDED_AVAILABILITY = YES_AGGRESSIVE;
				CLANG_WARN_UNREACHABLE_CODE = YES;
				CLANG_WARN__DUPLICATE_METHOD_MATCH = YES;
				COPY_PHASE_STRIP = NO;
				DEBUG_INFORMATION_FORMAT = dwarf;
				ENABLE_STRICT_OBJC_MSGSEND = YES;
				ENABLE_TESTABILITY = YES;
				ENABLE_USER_SCRIPT_SANDBOXING = YES;
				GCC_C_LANGUAGE_STANDARD = gnu17;
				GCC_DYNAMIC_NO_PIC = NO;
				GCC_NO_COMMON_BLOCKS = YES;
				GCC_OPTIMIZATION_LEVEL = 0;
				GCC_PREPROCESSOR_DEFINITIONS = (
					"DEBUG=1",
					"$(inherited)",
				);
				GCC_WARN_64_TO_32_BIT_CONVERSION = YES;
				GCC_WARN_ABOUT_RETURN_TYPE = YES_ERROR;
				GCC_WARN_UNDECLARED_SELECTOR = YES;
				GCC_WARN_UNINITIALIZED_AUTOS = YES_AGGRESSIVE;
				GCC_WARN_UNUSED_FUNCTION = YES;
				GCC_WARN_UNUSED_VARIABLE = YES;
				IPHONEOS_DEPLOYMENT_TARGET = 17.5;
				LOCALIZATION_PREFERS_STRING_CATALOGS = YES;
				MTL_ENABLE_DEBUG_INFO = INCLUDE_SOURCE;
				MTL_FAST_MATH = YES;
				ONLY_ACTIVE_ARCH = YES;
				SDKROOT = iphoneos;
				SWIFT_ACTIVE_COMPILATION_CONDITIONS = "DEBUG $(inherited)";
				SWIFT_OPTIMIZATION_LEVEL = "-Onone";
			};
			name = Debug;
		};
		4319C8452C90B778007CC742 /* Release */ = {
			isa = XCBuildConfiguration;
			buildSettings = {
				ALWAYS_SEARCH_USER_PATHS = NO;
				ASSETCATALOG_COMPILER_GENERATE_SWIFT_ASSET_SYMBOL_EXTENSIONS = YES;
				CLANG_ANALYZER_NONNULL = YES;
				CLANG_ANALYZER_NUMBER_OBJECT_CONVERSION = YES_AGGRESSIVE;
				CLANG_CXX_LANGUAGE_STANDARD = "gnu++20";
				CLANG_ENABLE_MODULES = YES;
				CLANG_ENABLE_OBJC_ARC = YES;
				CLANG_ENABLE_OBJC_WEAK = YES;
				CLANG_WARN_BLOCK_CAPTURE_AUTORELEASING = YES;
				CLANG_WARN_BOOL_CONVERSION = YES;
				CLANG_WARN_COMMA = YES;
				CLANG_WARN_CONSTANT_CONVERSION = YES;
				CLANG_WARN_DEPRECATED_OBJC_IMPLEMENTATIONS = YES;
				CLANG_WARN_DIRECT_OBJC_ISA_USAGE = YES_ERROR;
				CLANG_WARN_DOCUMENTATION_COMMENTS = YES;
				CLANG_WARN_EMPTY_BODY = YES;
				CLANG_WARN_ENUM_CONVERSION = YES;
				CLANG_WARN_INFINITE_RECURSION = YES;
				CLANG_WARN_INT_CONVERSION = YES;
				CLANG_WARN_NON_LITERAL_NULL_CONVERSION = YES;
				CLANG_WARN_OBJC_IMPLICIT_RETAIN_SELF = YES;
				CLANG_WARN_OBJC_LITERAL_CONVERSION = YES;
				CLANG_WARN_OBJC_ROOT_CLASS = YES_ERROR;
				CLANG_WARN_QUOTED_INCLUDE_IN_FRAMEWORK_HEADER = YES;
				CLANG_WARN_RANGE_LOOP_ANALYSIS = YES;
				CLANG_WARN_STRICT_PROTOTYPES = YES;
				CLANG_WARN_SUSPICIOUS_MOVE = YES;
				CLANG_WARN_UNGUARDED_AVAILABILITY = YES_AGGRESSIVE;
				CLANG_WARN_UNREACHABLE_CODE = YES;
				CLANG_WARN__DUPLICATE_METHOD_MATCH = YES;
				COPY_PHASE_STRIP = NO;
				DEBUG_INFORMATION_FORMAT = "dwarf-with-dsym";
				ENABLE_NS_ASSERTIONS = NO;
				ENABLE_STRICT_OBJC_MSGSEND = YES;
				ENABLE_USER_SCRIPT_SANDBOXING = YES;
				GCC_C_LANGUAGE_STANDARD = gnu17;
				GCC_NO_COMMON_BLOCKS = YES;
				GCC_WARN_64_TO_32_BIT_CONVERSION = YES;
				GCC_WARN_ABOUT_RETURN_TYPE = YES_ERROR;
				GCC_WARN_UNDECLARED_SELECTOR = YES;
				GCC_WARN_UNINITIALIZED_AUTOS = YES_AGGRESSIVE;
				GCC_WARN_UNUSED_FUNCTION = YES;
				GCC_WARN_UNUSED_VARIABLE = YES;
				IPHONEOS_DEPLOYMENT_TARGET = 17.5;
				LOCALIZATION_PREFERS_STRING_CATALOGS = YES;
				MTL_ENABLE_DEBUG_INFO = NO;
				MTL_FAST_MATH = YES;
				SDKROOT = iphoneos;
				SWIFT_COMPILATION_MODE = wholemodule;
				VALIDATE_PRODUCT = YES;
			};
			name = Release;
		};
		4319C8472C90B778007CC742 /* Debug */ = {
			isa = XCBuildConfiguration;
			buildSettings = {
				ASSETCATALOG_COMPILER_APPICON_NAME = AppIcon;
				ASSETCATALOG_COMPILER_GLOBAL_ACCENT_COLOR_NAME = AccentColor;
				CODE_SIGN_STYLE = Automatic;
				CURRENT_PROJECT_VERSION = 1;
				DEVELOPMENT_ASSET_PATHS = "\"Landmarks/Preview Content\"";
				DEVELOPMENT_TEAM = 23D38PGTD6;
				ENABLE_PREVIEWS = YES;
				GENERATE_INFOPLIST_FILE = YES;
				INFOPLIST_KEY_UIApplicationSceneManifest_Generation = YES;
				INFOPLIST_KEY_UIApplicationSupportsIndirectInputEvents = YES;
				INFOPLIST_KEY_UILaunchScreen_Generation = YES;
				INFOPLIST_KEY_UISupportedInterfaceOrientations_iPad = "UIInterfaceOrientationPortrait UIInterfaceOrientationPortraitUpsideDown UIInterfaceOrientationLandscapeLeft UIInterfaceOrientationLandscapeRight";
				INFOPLIST_KEY_UISupportedInterfaceOrientations_iPhone = "UIInterfaceOrientationPortrait UIInterfaceOrientationLandscapeLeft UIInterfaceOrientationLandscapeRight";
				LD_RUNPATH_SEARCH_PATHS = (
					"$(inherited)",
					"@executable_path/Frameworks",
				);
				MARKETING_VERSION = 1.0;
				PRODUCT_BUNDLE_IDENTIFIER = com.IbrahimAtta.Landmarks;
				PRODUCT_NAME = "$(TARGET_NAME)";
				SWIFT_EMIT_LOC_STRINGS = YES;
				SWIFT_VERSION = 5.0;
				TARGETED_DEVICE_FAMILY = "1,2";
			};
			name = Debug;
		};
		4319C8482C90B778007CC742 /* Release */ = {
			isa = XCBuildConfiguration;
			buildSettings = {
				ASSETCATALOG_COMPILER_APPICON_NAME = AppIcon;
				ASSETCATALOG_COMPILER_GLOBAL_ACCENT_COLOR_NAME = AccentColor;
				CODE_SIGN_STYLE = Automatic;
				CURRENT_PROJECT_VERSION = 1;
				DEVELOPMENT_ASSET_PATHS = "\"Landmarks/Preview Content\"";
				DEVELOPMENT_TEAM = 23D38PGTD6;
				ENABLE_PREVIEWS = YES;
				GENERATE_INFOPLIST_FILE = YES;
				INFOPLIST_KEY_UIApplicationSceneManifest_Generation = YES;
				INFOPLIST_KEY_UIApplicationSupportsIndirectInputEvents = YES;
				INFOPLIST_KEY_UILaunchScreen_Generation = YES;
				INFOPLIST_KEY_UISupportedInterfaceOrientations_iPad = "UIInterfaceOrientationPortrait UIInterfaceOrientationPortraitUpsideDown UIInterfaceOrientationLandscapeLeft UIInterfaceOrientationLandscapeRight";
				INFOPLIST_KEY_UISupportedInterfaceOrientations_iPhone = "UIInterfaceOrientationPortrait UIInterfaceOrientationLandscapeLeft UIInterfaceOrientationLandscapeRight";
				LD_RUNPATH_SEARCH_PATHS = (
					"$(inherited)",
					"@executable_path/Frameworks",
				);
				MARKETING_VERSION = 1.0;
				PRODUCT_BUNDLE_IDENTIFIER = com.IbrahimAtta.Landmarks;
				PRODUCT_NAME = "$(TARGET_NAME)";
				SWIFT_EMIT_LOC_STRINGS = YES;
				SWIFT_VERSION = 5.0;
				TARGETED_DEVICE_FAMILY = "1,2";
			};
			name = Release;
		};
/* End XCBuildConfiguration section */

/* Begin XCConfigurationList section */
		4319C8332C90B777007CC742 /* Build configuration list for PBXProject "Landmarks" */ = {
			isa = XCConfigurationList;
			buildConfigurations = (
				4319C8442C90B778007CC742 /* Debug */,
				4319C8452C90B778007CC742 /* Release */,
			);
			defaultConfigurationIsVisible = 0;
			defaultConfigurationName = Release;
		};
		4319C8462C90B778007CC742 /* Build configuration list for PBXNativeTarget "Landmarks" */ = {
			isa = XCConfigurationList;
			buildConfigurations = (
				4319C8472C90B778007CC742 /* Debug */,
				4319C8482C90B778007CC742 /* Release */,
			);
			defaultConfigurationIsVisible = 0;
			defaultConfigurationName = Release;
		};
/* End XCConfigurationList section */
	};
	rootObject = 4319C8302C90B777007CC742 /* Project object */;
}
